{
  "name": "CSE416-TeamTangerine",
  "lockfileVersion": 2,
  "requires": true,
  "packages": {
    "": {
      "dependencies": {
        "leaflet": "^1.9.4",
        "react": "^18.2.0",
        "react-dom": "^18.2.0",
        "react-leaflet": "^4.2.1",
        "togeojson": "^0.16.0"
      }
    },
    "node_modules/@react-leaflet/core": {
      "version": "2.1.0",
      "resolved": "https://registry.npmjs.org/@react-leaflet/core/-/core-2.1.0.tgz",
      "integrity": "sha512-Qk7Pfu8BSarKGqILj4x7bCSZ1pjuAPZ+qmRwH5S7mDS91VSbVVsJSrW4qA+GPrro8t69gFYVMWb1Zc4yFmPiVg==",
      "peerDependencies": {
        "leaflet": "^1.9.0",
        "react": "^18.0.0",
        "react-dom": "^18.0.0"
      }
    },
    "node_modules/concat-stream": {
      "version": "1.5.2",
      "resolved": "https://registry.npmjs.org/concat-stream/-/concat-stream-1.5.2.tgz",
      "integrity": "sha512-H6xsIBfQ94aESBG8jGHXQ7i5AEpy5ZeVaLDOisDICiTCKpqEfr34/KmTrspKQNoLKNu9gTkovlpQcUi630AKiQ==",
      "engines": [
        "node >= 0.8"
      ],
      "dependencies": {
        "inherits": "~2.0.1",
        "readable-stream": "~2.0.0",
        "typedarray": "~0.0.5"
      }
    },
    "node_modules/core-util-is": {
      "version": "1.0.3",
      "resolved": "https://registry.npmjs.org/core-util-is/-/core-util-is-1.0.3.tgz",
      "integrity": "sha512-ZQBvi1DcpJ4GDqanjucZ2Hj3wEO5pZDS89BWbkcrvdxksJorwUDDZamX9ldFkp9aw2lmBDLgkObEA4DWNJ9FYQ=="
    },
    "node_modules/inherits": {
      "version": "2.0.4",
      "resolved": "https://registry.npmjs.org/inherits/-/inherits-2.0.4.tgz",
      "integrity": "sha512-k/vGaX4/Yla3WzyMCvTQOXYeIHvqOKtnqBduzTHpzpQZzAskKMhZ2K+EnBiSM9zGSoIFeMpXKxa4dYeZIQqewQ=="
    },
    "node_modules/isarray": {
      "version": "1.0.0",
      "resolved": "https://registry.npmjs.org/isarray/-/isarray-1.0.0.tgz",
      "integrity": "sha512-VLghIWNM6ELQzo7zwmcg0NmTVyWKYjvIeM83yjp0wRDTmUnrM678fQbcKBo6n2CJEF0szoG//ytg+TKla89ALQ=="
    },
    "node_modules/js-tokens": {
      "version": "4.0.0",
      "resolved": "https://registry.npmjs.org/js-tokens/-/js-tokens-4.0.0.tgz",
      "integrity": "sha512-RdJUflcE3cUzKiMqQgsCu06FPu9UdIJO0beYbPhHN4k6apgJtifcoCtT9bcxOpYBtpD2kCM6Sbzg4CausW/PKQ=="
    },
    "node_modules/leaflet": {
      "version": "1.9.4",
      "resolved": "https://registry.npmjs.org/leaflet/-/leaflet-1.9.4.tgz",
      "integrity": "sha512-nxS1ynzJOmOlHp+iL3FyWqK89GtNL8U8rvlMOsQdTTssxZwCXh8N2NB3GDQOL+YR3XnWyZAxwQixURb+FA74PA=="
    },
    "node_modules/loose-envify": {
      "version": "1.4.0",
      "resolved": "https://registry.npmjs.org/loose-envify/-/loose-envify-1.4.0.tgz",
      "integrity": "sha512-lyuxPGr/Wfhrlem2CL/UcnUc1zcqKAImBDzukY7Y5F/yQiNdko6+fRLevlw1HgMySw7f611UIY408EtxRSoK3Q==",
      "dependencies": {
        "js-tokens": "^3.0.0 || ^4.0.0"
      },
      "bin": {
        "loose-envify": "cli.js"
      }
    },
    "node_modules/minimist": {
      "version": "1.2.0",
      "resolved": "https://registry.npmjs.org/minimist/-/minimist-1.2.0.tgz",
      "integrity": "sha512-7Wl+Jz+IGWuSdgsQEJ4JunV0si/iMhg42MnQQG6h1R6TNeVenp4U9x5CC5v/gYqz/fENLQITAWXidNtVL0NNbw=="
    },
    "node_modules/process-nextick-args": {
      "version": "1.0.7",
      "resolved": "https://registry.npmjs.org/process-nextick-args/-/process-nextick-args-1.0.7.tgz",
      "integrity": "sha512-yN0WQmuCX63LP/TMvAg31nvT6m4vDqJEiiv2CAZqWOGNWutc9DfDk1NPYYmKUFmaVM2UwDowH4u5AHWYP/jxKw=="
    },
    "node_modules/react": {
      "version": "18.2.0",
      "resolved": "https://registry.npmjs.org/react/-/react-18.2.0.tgz",
      "integrity": "sha512-/3IjMdb2L9QbBdWiW5e3P2/npwMBaU9mHCSCUzNln0ZCYbcfTsGbTJrU/kGemdH2IWmB2ioZ+zkxtmq6g09fGQ==",
      "dependencies": {
        "loose-envify": "^1.1.0"
      },
      "engines": {
        "node": ">=0.10.0"
      }
    },
    "node_modules/react-dom": {
      "version": "18.2.0",
      "resolved": "https://registry.npmjs.org/react-dom/-/react-dom-18.2.0.tgz",
      "integrity": "sha512-6IMTriUmvsjHUjNtEDudZfuDQUoWXVxKHhlEGSk81n4YFS+r/Kl99wXiwlVXtPBtJenozv2P+hxDsw9eA7Xo6g==",
      "dependencies": {
        "loose-envify": "^1.1.0",
        "scheduler": "^0.23.0"
      },
      "peerDependencies": {
        "react": "^18.2.0"
      }
    },
    "node_modules/react-leaflet": {
      "version": "4.2.1",
      "resolved": "https://registry.npmjs.org/react-leaflet/-/react-leaflet-4.2.1.tgz",
      "integrity": "sha512-p9chkvhcKrWn/H/1FFeVSqLdReGwn2qmiobOQGO3BifX+/vV/39qhY8dGqbdcPh1e6jxh/QHriLXr7a4eLFK4Q==",
      "dependencies": {
        "@react-leaflet/core": "^2.1.0"
      },
      "peerDependencies": {
        "leaflet": "^1.9.0",
        "react": "^18.0.0",
        "react-dom": "^18.0.0"
      }
    },
    "node_modules/readable-stream": {
      "version": "2.0.6",
      "resolved": "https://registry.npmjs.org/readable-stream/-/readable-stream-2.0.6.tgz",
      "integrity": "sha512-TXcFfb63BQe1+ySzsHZI/5v1aJPCShfqvWJ64ayNImXMsN1Cd0YGk/wm8KB7/OeessgPc9QvS9Zou8QTkFzsLw==",
      "dependencies": {
        "core-util-is": "~1.0.0",
        "inherits": "~2.0.1",
        "isarray": "~1.0.0",
        "process-nextick-args": "~1.0.6",
        "string_decoder": "~0.10.x",
        "util-deprecate": "~1.0.1"
      }
    },
    "node_modules/scheduler": {
      "version": "0.23.0",
      "resolved": "https://registry.npmjs.org/scheduler/-/scheduler-0.23.0.tgz",
      "integrity": "sha512-CtuThmgHNg7zIZWAXi3AsyIzA3n4xx7aNyjwC2VJldO2LMVDhFK+63xGqq6CsJH4rTAt6/M+N4GhZiDYPx9eUw==",
      "dependencies": {
        "loose-envify": "^1.1.0"
      }
    },
    "node_modules/string_decoder": {
      "version": "0.10.31",
      "resolved": "https://registry.npmjs.org/string_decoder/-/string_decoder-0.10.31.tgz",
      "integrity": "sha512-ev2QzSzWPYmy9GuqfIVildA4OdcGLeFZQrq5ys6RtiuF+RQQiZWr8TZNyAcuVXyQRYfEO+MsoB/1BuQVhOJuoQ=="
    },
    "node_modules/togeojson": {
      "version": "0.16.0",
      "resolved": "https://registry.npmjs.org/togeojson/-/togeojson-0.16.0.tgz",
      "integrity": "sha512-DRBDgvZu8IGZpBC2QwH+GyyuId39XRTi4Ly9pawiwa4pEMXlc5yX0F0kjrqAzVuln0MWQkOEc2NnXuQzRBeFyw==",
      "deprecated": "This module has moved: please install @mapbox/togeojson instead",
      "dependencies": {
        "concat-stream": "~1.5.1",
        "minimist": "1.2.0",
        "xmldom": "~0.1.19"
      },
      "bin": {
        "togeojson": "togeojson"
      }
    },
    "node_modules/typedarray": {
      "version": "0.0.7",
      "resolved": "https://registry.npmjs.org/typedarray/-/typedarray-0.0.7.tgz",
      "integrity": "sha512-ueeb9YybpjhivjbHP2LdFDAjbS948fGEPj+ACAMs4xCMmh72OCOMQWBQKlaN4ZNQ04yfLSDLSx1tGRIoWimObQ==",
      "funding": {
        "url": "https://github.com/sponsors/ljharb"
      }
    },
    "node_modules/util-deprecate": {
      "version": "1.0.2",
      "resolved": "https://registry.npmjs.org/util-deprecate/-/util-deprecate-1.0.2.tgz",
      "integrity": "sha512-EPD5q1uXyFxJpCrLnCc1nHnq3gOa6DZBocAIiI2TaSCA7VCJ1UJDMagCzIkXNsUYfD1daK//LTEQ8xiIbrHtcw=="
    },
    "node_modules/xmldom": {
      "version": "0.1.31",
      "resolved": "https://registry.npmjs.org/xmldom/-/xmldom-0.1.31.tgz",
      "integrity": "sha512-yS2uJflVQs6n+CyjHoaBmVSqIDevTAWrzMmjG1Gc7h1qQ7uVozNhEPJAwZXWyGQ/Gafo3fCwrcaokezLPupVyQ==",
      "deprecated": "Deprecated due to CVE-2021-21366 resolved in 0.5.0",
      "engines": {
        "node": ">=0.1"
      }
    }
  },
  "dependencies": {
    "@react-leaflet/core": {
      "version": "2.1.0",
      "resolved": "https://registry.npmjs.org/@react-leaflet/core/-/core-2.1.0.tgz",
      "integrity": "sha512-Qk7Pfu8BSarKGqILj4x7bCSZ1pjuAPZ+qmRwH5S7mDS91VSbVVsJSrW4qA+GPrro8t69gFYVMWb1Zc4yFmPiVg==",
      "requires": {}
    },
    "concat-stream": {
      "version": "1.5.2",
      "resolved": "https://registry.npmjs.org/concat-stream/-/concat-stream-1.5.2.tgz",
      "integrity": "sha512-H6xsIBfQ94aESBG8jGHXQ7i5AEpy5ZeVaLDOisDICiTCKpqEfr34/KmTrspKQNoLKNu9gTkovlpQcUi630AKiQ==",
      "requires": {
        "inherits": "~2.0.1",
        "readable-stream": "~2.0.0",
        "typedarray": "~0.0.5"
      }
    },
    "core-util-is": {
      "version": "1.0.3",
      "resolved": "https://registry.npmjs.org/core-util-is/-/core-util-is-1.0.3.tgz",
      "integrity": "sha512-ZQBvi1DcpJ4GDqanjucZ2Hj3wEO5pZDS89BWbkcrvdxksJorwUDDZamX9ldFkp9aw2lmBDLgkObEA4DWNJ9FYQ=="
    },
    "inherits": {
      "version": "2.0.4",
      "resolved": "https://registry.npmjs.org/inherits/-/inherits-2.0.4.tgz",
      "integrity": "sha512-k/vGaX4/Yla3WzyMCvTQOXYeIHvqOKtnqBduzTHpzpQZzAskKMhZ2K+EnBiSM9zGSoIFeMpXKxa4dYeZIQqewQ=="
    },
    "isarray": {
      "version": "1.0.0",
      "resolved": "https://registry.npmjs.org/isarray/-/isarray-1.0.0.tgz",
      "integrity": "sha512-VLghIWNM6ELQzo7zwmcg0NmTVyWKYjvIeM83yjp0wRDTmUnrM678fQbcKBo6n2CJEF0szoG//ytg+TKla89ALQ=="
    },
    "js-tokens": {
      "version": "4.0.0",
      "resolved": "https://registry.npmjs.org/js-tokens/-/js-tokens-4.0.0.tgz",
      "integrity": "sha512-RdJUflcE3cUzKiMqQgsCu06FPu9UdIJO0beYbPhHN4k6apgJtifcoCtT9bcxOpYBtpD2kCM6Sbzg4CausW/PKQ=="
    },
    "leaflet": {
      "version": "1.9.4",
      "resolved": "https://registry.npmjs.org/leaflet/-/leaflet-1.9.4.tgz",
      "integrity": "sha512-nxS1ynzJOmOlHp+iL3FyWqK89GtNL8U8rvlMOsQdTTssxZwCXh8N2NB3GDQOL+YR3XnWyZAxwQixURb+FA74PA=="
    },
    "loose-envify": {
      "version": "1.4.0",
      "resolved": "https://registry.npmjs.org/loose-envify/-/loose-envify-1.4.0.tgz",
      "integrity": "sha512-lyuxPGr/Wfhrlem2CL/UcnUc1zcqKAImBDzukY7Y5F/yQiNdko6+fRLevlw1HgMySw7f611UIY408EtxRSoK3Q==",
      "requires": {
        "js-tokens": "^3.0.0 || ^4.0.0"
      }
    },
    "minimist": {
      "version": "1.2.0",
      "resolved": "https://registry.npmjs.org/minimist/-/minimist-1.2.0.tgz",
      "integrity": "sha512-7Wl+Jz+IGWuSdgsQEJ4JunV0si/iMhg42MnQQG6h1R6TNeVenp4U9x5CC5v/gYqz/fENLQITAWXidNtVL0NNbw=="
    },
    "process-nextick-args": {
      "version": "1.0.7",
      "resolved": "https://registry.npmjs.org/process-nextick-args/-/process-nextick-args-1.0.7.tgz",
      "integrity": "sha512-yN0WQmuCX63LP/TMvAg31nvT6m4vDqJEiiv2CAZqWOGNWutc9DfDk1NPYYmKUFmaVM2UwDowH4u5AHWYP/jxKw=="
    },
    "react": {
      "version": "18.2.0",
      "resolved": "https://registry.npmjs.org/react/-/react-18.2.0.tgz",
      "integrity": "sha512-/3IjMdb2L9QbBdWiW5e3P2/npwMBaU9mHCSCUzNln0ZCYbcfTsGbTJrU/kGemdH2IWmB2ioZ+zkxtmq6g09fGQ==",
      "requires": {
        "loose-envify": "^1.1.0"
      }
    },
    "react-dom": {
      "version": "18.2.0",
      "resolved": "https://registry.npmjs.org/react-dom/-/react-dom-18.2.0.tgz",
      "integrity": "sha512-6IMTriUmvsjHUjNtEDudZfuDQUoWXVxKHhlEGSk81n4YFS+r/Kl99wXiwlVXtPBtJenozv2P+hxDsw9eA7Xo6g==",
      "requires": {
        "loose-envify": "^1.1.0",
        "scheduler": "^0.23.0"
      }
    },
    "react-leaflet": {
      "version": "4.2.1",
      "resolved": "https://registry.npmjs.org/react-leaflet/-/react-leaflet-4.2.1.tgz",
      "integrity": "sha512-p9chkvhcKrWn/H/1FFeVSqLdReGwn2qmiobOQGO3BifX+/vV/39qhY8dGqbdcPh1e6jxh/QHriLXr7a4eLFK4Q==",
      "requires": {
        "@react-leaflet/core": "^2.1.0"
      }
    },
    "readable-stream": {
      "version": "2.0.6",
      "resolved": "https://registry.npmjs.org/readable-stream/-/readable-stream-2.0.6.tgz",
      "integrity": "sha512-TXcFfb63BQe1+ySzsHZI/5v1aJPCShfqvWJ64ayNImXMsN1Cd0YGk/wm8KB7/OeessgPc9QvS9Zou8QTkFzsLw==",
      "requires": {
        "core-util-is": "~1.0.0",
        "inherits": "~2.0.1",
        "isarray": "~1.0.0",
        "process-nextick-args": "~1.0.6",
        "string_decoder": "~0.10.x",
        "util-deprecate": "~1.0.1"
      }
    },
    "scheduler": {
      "version": "0.23.0",
      "resolved": "https://registry.npmjs.org/scheduler/-/scheduler-0.23.0.tgz",
      "integrity": "sha512-CtuThmgHNg7zIZWAXi3AsyIzA3n4xx7aNyjwC2VJldO2LMVDhFK+63xGqq6CsJH4rTAt6/M+N4GhZiDYPx9eUw==",
      "requires": {
        "loose-envify": "^1.1.0"
      }
    },
    "string_decoder": {
      "version": "0.10.31",
      "resolved": "https://registry.npmjs.org/string_decoder/-/string_decoder-0.10.31.tgz",
      "integrity": "sha512-ev2QzSzWPYmy9GuqfIVildA4OdcGLeFZQrq5ys6RtiuF+RQQiZWr8TZNyAcuVXyQRYfEO+MsoB/1BuQVhOJuoQ=="
    },
    "togeojson": {
      "version": "0.16.0",
      "resolved": "https://registry.npmjs.org/togeojson/-/togeojson-0.16.0.tgz",
      "integrity": "sha512-DRBDgvZu8IGZpBC2QwH+GyyuId39XRTi4Ly9pawiwa4pEMXlc5yX0F0kjrqAzVuln0MWQkOEc2NnXuQzRBeFyw==",
      "requires": {
        "concat-stream": "~1.5.1",
        "minimist": "1.2.0",
        "xmldom": "~0.1.19"
      }
    },
    "typedarray": {
      "version": "0.0.7",
      "resolved": "https://registry.npmjs.org/typedarray/-/typedarray-0.0.7.tgz",
      "integrity": "sha512-ueeb9YybpjhivjbHP2LdFDAjbS948fGEPj+ACAMs4xCMmh72OCOMQWBQKlaN4ZNQ04yfLSDLSx1tGRIoWimObQ=="
    },
    "util-deprecate": {
      "version": "1.0.2",
      "resolved": "https://registry.npmjs.org/util-deprecate/-/util-deprecate-1.0.2.tgz",
      "integrity": "sha512-EPD5q1uXyFxJpCrLnCc1nHnq3gOa6DZBocAIiI2TaSCA7VCJ1UJDMagCzIkXNsUYfD1daK//LTEQ8xiIbrHtcw=="
    },
    "xmldom": {
      "version": "0.1.31",
      "resolved": "https://registry.npmjs.org/xmldom/-/xmldom-0.1.31.tgz",
      "integrity": "sha512-yS2uJflVQs6n+CyjHoaBmVSqIDevTAWrzMmjG1Gc7h1qQ7uVozNhEPJAwZXWyGQ/Gafo3fCwrcaokezLPupVyQ=="
    }
  }
}
